# This file is autogenerated, do not edit; changes may be undone by the next 'dep ensure'.


[[projects]]
  branch = "master"
  name = "github.com/gen2brain/raylib-go"
  packages = ["raylib"]
  revision = "141858378a534db6479b0b41a067d32dfae99a4b"

[solve-meta]
  analyzer-name = "dep"
  analyzer-version = 1
  inputs-digest = "011d65b8f1f1ab01171e276469dcd2b3525fa10ee664cb692f3f3a71ff89586a"
  solver-name = "gps-cdcl"
  solver-version = 1
